
Microsoft Visual Studio Solution File, Format Version 12.00
# Visual Studio Version 17
VisualStudioVersion = 17.6.33829.357
MinimumVisualStudioVersion = 10.0.40219.1
Project("{9A19103F-16F7-4668-BE54-9A1E7A4F7556}") = "WeatherBot", "WeatherBot\WeatherBot.csproj", "{428F8B85-9A86-47CB-8810-CA387926EA3E}"
	ProjectSection(ProjectDependencies) = postProject
		{754858E9-329D-4FD5-80F6-4429E5ED05A8} = {754858E9-329D-4FD5-80F6-4429E5ED05A8}
		{CF4CC2D6-0D3C-4429-9968-B0D0DCF0AA80} = {CF4CC2D6-0D3C-4429-9968-B0D0DCF0AA80}
	EndProjectSection
EndProject
Project("{9A19103F-16F7-4668-BE54-9A1E7A4F7556}") = "Core", "Core\Core.csproj", "{CF4CC2D6-0D3C-4429-9968-B0D0DCF0AA80}"
EndProject
Project("{9A19103F-16F7-4668-BE54-9A1E7A4F7556}") = "DAL", "DAL\DAL.csproj", "{754858E9-329D-4FD5-80F6-4429E5ED05A8}"
	ProjectSection(ProjectDependencies) = postProject
		{CF4CC2D6-0D3C-4429-9968-B0D0DCF0AA80} = {CF4CC2D6-0D3C-4429-9968-B0D0DCF0AA80}
	EndProjectSection
EndProject
Project("{FAE04EC0-301F-11D3-BF4B-00C04F79EFBC}") = "Infrastructure", "Infrastructure\Infrastructure.csproj", "{7A35C96B-52CB-4EAA-93D8-F6780704F288}"
EndProject
Global
	GlobalSection(SolutionConfigurationPlatforms) = preSolution
		Debug|Any CPU = Debug|Any CPU
		Release|Any CPU = Release|Any CPU
	EndGlobalSection
	GlobalSection(ProjectConfigurationPlatforms) = postSolution
		{428F8B85-9A86-47CB-8810-CA387926EA3E}.Debug|Any CPU.ActiveCfg = Debug|Any CPU
		{428F8B85-9A86-47CB-8810-CA387926EA3E}.Debug|Any CPU.Build.0 = Debug|Any CPU
		{428F8B85-9A86-47CB-8810-CA387926EA3E}.Release|Any CPU.ActiveCfg = Release|Any CPU
		{428F8B85-9A86-47CB-8810-CA387926EA3E}.Release|Any CPU.Build.0 = Release|Any CPU
		{CF4CC2D6-0D3C-4429-9968-B0D0DCF0AA80}.Debug|Any CPU.ActiveCfg = Debug|Any CPU
		{CF4CC2D6-0D3C-4429-9968-B0D0DCF0AA80}.Debug|Any CPU.Build.0 = Debug|Any CPU
		{CF4CC2D6-0D3C-4429-9968-B0D0DCF0AA80}.Release|Any CPU.ActiveCfg = Release|Any CPU
		{CF4CC2D6-0D3C-4429-9968-B0D0DCF0AA80}.Release|Any CPU.Build.0 = Release|Any CPU
		{754858E9-329D-4FD5-80F6-4429E5ED05A8}.Debug|Any CPU.ActiveCfg = Debug|Any CPU
		{754858E9-329D-4FD5-80F6-4429E5ED05A8}.Debug|Any CPU.Build.0 = Debug|Any CPU
		{754858E9-329D-4FD5-80F6-4429E5ED05A8}.Release|Any CPU.ActiveCfg = Release|Any CPU
		{754858E9-329D-4FD5-80F6-4429E5ED05A8}.Release|Any CPU.Build.0 = Release|Any CPU
		{7A35C96B-52CB-4EAA-93D8-F6780704F288}.Debug|Any CPU.ActiveCfg = Debug|Any CPU
		{7A35C96B-52CB-4EAA-93D8-F6780704F288}.Debug|Any CPU.Build.0 = Debug|Any CPU
		{7A35C96B-52CB-4EAA-93D8-F6780704F288}.Release|Any CPU.ActiveCfg = Release|Any CPU
		{7A35C96B-52CB-4EAA-93D8-F6780704F288}.Release|Any CPU.Build.0 = Release|Any CPU
	EndGlobalSection
	GlobalSection(SolutionProperties) = preSolution
		HideSolutionNode = FALSE
	EndGlobalSection
	GlobalSection(ExtensibilityGlobals) = postSolution
		SolutionGuid = {E8E42224-8419-48A3-A52F-68F8CA4ABBBD}
	EndGlobalSection
EndGlobal
